
Microsoft Visual Studio Solution File, Format Version 12.00
# Visual Studio Version 17
VisualStudioVersion = 17.0.31903.59
MinimumVisualStudioVersion = 10.0.40219.1
Project("{FAE04EC0-301F-11D3-BF4B-00C04F79EFBC}") = "Exam1", "Exam1\Exam1.csproj", "{A7FD6A4A-6532-42E6-ADFC-D1FC44D3E4E1}"
EndProject
Project("{FAE04EC0-301F-11D3-BF4B-00C04F79EFBC}") = "Exam1.Test", "Exam1.Test\Exam1.Test.csproj", "{984C57B8-6AF4-4CB3-A196-6A9C68A3F89B}"
EndProject
Global
	GlobalSection(SolutionConfigurationPlatforms) = preSolution
		Debug|Any CPU = Debug|Any CPU
		Debug|x64 = Debug|x64
		Debug|x86 = Debug|x86
		Release|Any CPU = Release|Any CPU
		Release|x64 = Release|x64
		Release|x86 = Release|x86
	EndGlobalSection
	GlobalSection(ProjectConfigurationPlatforms) = postSolution
		{A7FD6A4A-6532-42E6-ADFC-D1FC44D3E4E1}.Debug|Any CPU.ActiveCfg = Debug|Any CPU
		{A7FD6A4A-6532-42E6-ADFC-D1FC44D3E4E1}.Debug|Any CPU.Build.0 = Debug|Any CPU
		{A7FD6A4A-6532-42E6-ADFC-D1FC44D3E4E1}.Debug|x64.ActiveCfg = Debug|Any CPU
		{A7FD6A4A-6532-42E6-ADFC-D1FC44D3E4E1}.Debug|x64.Build.0 = Debug|Any CPU
		{A7FD6A4A-6532-42E6-ADFC-D1FC44D3E4E1}.Debug|x86.ActiveCfg = Debug|Any CPU
		{A7FD6A4A-6532-42E6-ADFC-D1FC44D3E4E1}.Debug|x86.Build.0 = Debug|Any CPU
		{A7FD6A4A-6532-42E6-ADFC-D1FC44D3E4E1}.Release|Any CPU.ActiveCfg = Release|Any CPU
		{A7FD6A4A-6532-42E6-ADFC-D1FC44D3E4E1}.Release|Any CPU.Build.0 = Release|Any CPU
		{A7FD6A4A-6532-42E6-ADFC-D1FC44D3E4E1}.Release|x64.ActiveCfg = Release|Any CPU
		{A7FD6A4A-6532-42E6-ADFC-D1FC44D3E4E1}.Release|x64.Build.0 = Release|Any CPU
		{A7FD6A4A-6532-42E6-ADFC-D1FC44D3E4E1}.Release|x86.ActiveCfg = Release|Any CPU
		{A7FD6A4A-6532-42E6-ADFC-D1FC44D3E4E1}.Release|x86.Build.0 = Release|Any CPU
		{984C57B8-6AF4-4CB3-A196-6A9C68A3F89B}.Debug|Any CPU.ActiveCfg = Debug|Any CPU
		{984C57B8-6AF4-4CB3-A196-6A9C68A3F89B}.Debug|Any CPU.Build.0 = Debug|Any CPU
		{984C57B8-6AF4-4CB3-A196-6A9C68A3F89B}.Debug|x64.ActiveCfg = Debug|Any CPU
		{984C57B8-6AF4-4CB3-A196-6A9C68A3F89B}.Debug|x64.Build.0 = Debug|Any CPU
		{984C57B8-6AF4-4CB3-A196-6A9C68A3F89B}.Debug|x86.ActiveCfg = Debug|Any CPU
		{984C57B8-6AF4-4CB3-A196-6A9C68A3F89B}.Debug|x86.Build.0 = Debug|Any CPU
		{984C57B8-6AF4-4CB3-A196-6A9C68A3F89B}.Release|Any CPU.ActiveCfg = Release|Any CPU
		{984C57B8-6AF4-4CB3-A196-6A9C68A3F89B}.Release|Any CPU.Build.0 = Release|Any CPU
		{984C57B8-6AF4-4CB3-A196-6A9C68A3F89B}.Release|x64.ActiveCfg = Release|Any CPU
		{984C57B8-6AF4-4CB3-A196-6A9C68A3F89B}.Release|x64.Build.0 = Release|Any CPU
		{984C57B8-6AF4-4CB3-A196-6A9C68A3F89B}.Release|x86.ActiveCfg = Release|Any CPU
		{984C57B8-6AF4-4CB3-A196-6A9C68A3F89B}.Release|x86.Build.0 = Release|Any CPU
	EndGlobalSection
	GlobalSection(SolutionProperties) = preSolution
		HideSolutionNode = FALSE
	EndGlobalSection
EndGlobal
